// !$*UTF8*$!
{
	archiveVersion = 1;
	classes = {
	};
	objectVersion = 46;
	objects = {

/* Begin PBXBuildFile section */
		7D12F8F61EBC146A0044F460 /* AppDelegate.swift in Sources */ = {isa = PBXBuildFile; fileRef = 7D12F8F51EBC146A0044F460 /* AppDelegate.swift */; };
		7D12F8F81EBC146A0044F460 /* ViewController.swift in Sources */ = {isa = PBXBuildFile; fileRef = 7D12F8F71EBC146A0044F460 /* ViewController.swift */; };
		7D12F8FB1EBC146A0044F460 /* Main.storyboard in Resources */ = {isa = PBXBuildFile; fileRef = 7D12F8F91EBC146A0044F460 /* Main.storyboard */; };
		7D12F8FD1EBC146B0044F460 /* Assets.xcassets in Resources */ = {isa = PBXBuildFile; fileRef = 7D12F8FC1EBC146B0044F460 /* Assets.xcassets */; };
		7D12F9001EBC146B0044F460 /* LaunchScreen.storyboard in Resources */ = {isa = PBXBuildFile; fileRef = 7D12F8FE1EBC146B0044F460 /* LaunchScreen.storyboard */; };
		7D12F90B1EBC146B0044F460 /* ___Tests.swift in Sources */ = {isa = PBXBuildFile; fileRef = 7D12F90A1EBC146B0044F460 /* ___Tests.swift */; };
		7D12F9161EBC146B0044F460 /* ___UITests.swift in Sources */ = {isa = PBXBuildFile; fileRef = 7D12F9151EBC146B0044F460 /* ___UITests.swift */; };
		7D12F9281EBC160E0044F460 /* HeighLevelFunc.swift in Sources */ = {isa = PBXBuildFile; fileRef = 7D12F9271EBC160E0044F460 /* HeighLevelFunc.swift */; };
		7D12F92A1EBC16230044F460 /* Define+CloSureType.swift in Sources */ = {isa = PBXBuildFile; fileRef = 7D12F9291EBC16230044F460 /* Define+CloSureType.swift */; };
		7D12F92C1EBC17290044F460 /* HttpClient+Alamofire.swift in Sources */ = {isa = PBXBuildFile; fileRef = 7D12F92B1EBC17290044F460 /* HttpClient+Alamofire.swift */; };
		7D12F92F1EBC17650044F460 /* API.swift in Sources */ = {isa = PBXBuildFile; fileRef = 7D12F92E1EBC17650044F460 /* API.swift */; };
		7D12F9311EBC177F0044F460 /* HitMessage.swift in Sources */ = {isa = PBXBuildFile; fileRef = 7D12F9301EBC177F0044F460 /* HitMessage.swift */; };
		7D12F9351EBC1B460044F460 /* MainBaseModel.swift in Sources */ = {isa = PBXBuildFile; fileRef = 7D12F9341EBC1B460044F460 /* MainBaseModel.swift */; };
		7D12F9381EBC1B4D0044F460 /* TableViewDataSource.swift in Sources */ = {isa = PBXBuildFile; fileRef = 7D12F9361EBC1B4D0044F460 /* TableViewDataSource.swift */; };
		7D12F9391EBC1B4D0044F460 /* TableViewDelegate.swift in Sources */ = {isa = PBXBuildFile; fileRef = 7D12F9371EBC1B4D0044F460 /* TableViewDelegate.swift */; };
		7D12F93E1EBC5BF80044F460 /* HitWebImageManager.swift in Sources */ = {isa = PBXBuildFile; fileRef = 7D12F93D1EBC5BF70044F460 /* HitWebImageManager.swift */; };
		7D12F9411EBC5CB60044F460 /* String+extension.swift in Sources */ = {isa = PBXBuildFile; fileRef = 7D12F9401EBC5CB60044F460 /* String+extension.swift */; };
		7D12F9441EBC60E70044F460 /* BaseModel.swift in Sources */ = {isa = PBXBuildFile; fileRef = 7D12F9431EBC60E70044F460 /* BaseModel.swift */; };
		7D12F9461EBC61410044F460 /* MainTabBarCtr.swift in Sources */ = {isa = PBXBuildFile; fileRef = 7D12F9451EBC61410044F460 /* MainTabBarCtr.swift */; };
		7D54D70F1EBCA1A4008A7B07 /* UIView+extension.swift in Sources */ = {isa = PBXBuildFile; fileRef = 7D54D70E1EBCA1A4008A7B07 /* UIView+extension.swift */; };
		7D54D7111EBCA235008A7B07 /* Button.swift in Sources */ = {isa = PBXBuildFile; fileRef = 7D54D7101EBCA235008A7B07 /* Button.swift */; };
		7D54D7131EBCCC2E008A7B07 /* Bundle+EXtensions.swift in Sources */ = {isa = PBXBuildFile; fileRef = 7D54D7121EBCCC2E008A7B07 /* Bundle+EXtensions.swift */; };
		7D54D7151EBDFE42008A7B07 /* DataListModel.swift in Sources */ = {isa = PBXBuildFile; fileRef = 7D54D7141EBDFE42008A7B07 /* DataListModel.swift */; };
		7D54D7171EBE0089008A7B07 /* Dictionary+extension.swift in Sources */ = {isa = PBXBuildFile; fileRef = 7D54D7161EBE0089008A7B07 /* Dictionary+extension.swift */; };
		7D60D17C1EC466DE008863D8 /* MemberBlogsCtr.swift in Sources */ = {isa = PBXBuildFile; fileRef = 7D60D17B1EC466DE008863D8 /* MemberBlogsCtr.swift */; };
		7D60D17E1EC46711008863D8 /* MemberBlogsCell.swift in Sources */ = {isa = PBXBuildFile; fileRef = 7D60D17D1EC46711008863D8 /* MemberBlogsCell.swift */; };
		7D60D1801EC4708A008863D8 /* BlogModel.swift in Sources */ = {isa = PBXBuildFile; fileRef = 7D60D17F1EC4708A008863D8 /* BlogModel.swift */; };
		7D60D1851EC546C9008863D8 /* MyCtr.swift in Sources */ = {isa = PBXBuildFile; fileRef = 7D60D1841EC546C9008863D8 /* MyCtr.swift */; };
		7D60D1871EC549F9008863D8 /* HeadChangeTableView.swift in Sources */ = {isa = PBXBuildFile; fileRef = 7D60D1861EC549F9008863D8 /* HeadChangeTableView.swift */; };
		7D60D1891EC55205008863D8 /* MyCtrCell.swift in Sources */ = {isa = PBXBuildFile; fileRef = 7D60D1881EC55205008863D8 /* MyCtrCell.swift */; };
		7D60D18B1EC55E60008863D8 /* AboutCtr.swift in Sources */ = {isa = PBXBuildFile; fileRef = 7D60D18A1EC55E60008863D8 /* AboutCtr.swift */; };
		7D60D18D1EC5628C008863D8 /* SlideView.swift in Sources */ = {isa = PBXBuildFile; fileRef = 7D60D18C1EC5628C008863D8 /* SlideView.swift */; };
		7D6E61F71EBC9A0F00F8A071 /* HitBaseNavCtr.swift in Sources */ = {isa = PBXBuildFile; fileRef = 7D6E61F61EBC9A0F00F8A071 /* HitBaseNavCtr.swift */; };
		7D6E61F91EBC9AEB00F8A071 /* HitBaseNavBar.swift in Sources */ = {isa = PBXBuildFile; fileRef = 7D6E61F81EBC9AEB00F8A071 /* HitBaseNavBar.swift */; };
		7D6E61FC1EBC9B6400F8A071 /* Label.swift in Sources */ = {isa = PBXBuildFile; fileRef = 7D6E61FB1EBC9B6400F8A071 /* Label.swift */; };
		7D6E61FE1EBC9CC900F8A071 /* Layout.swift in Sources */ = {isa = PBXBuildFile; fileRef = 7D6E61FD1EBC9CC900F8A071 /* Layout.swift */; };
		7D6E62001EBC9DDB00F8A071 /* UIImage+extension.swift in Sources */ = {isa = PBXBuildFile; fileRef = 7D6E61FF1EBC9DDB00F8A071 /* UIImage+extension.swift */; };
		7D884A4C1EC05D31005902DE /* RefreshView.swift in Sources */ = {isa = PBXBuildFile; fileRef = 7D884A4B1EC05D31005902DE /* RefreshView.swift */; };
		7D884A4F1EC065FB005902DE /* DataListCell.swift in Sources */ = {isa = PBXBuildFile; fileRef = 7D884A4E1EC065FB005902DE /* DataListCell.swift */; };
		7D884A511EC06888005902DE /* Date+extension.swift in Sources */ = {isa = PBXBuildFile; fileRef = 7D884A501EC06888005902DE /* Date+extension.swift */; };
		7D884A531EC154E7005902DE /* DataListOneImageCell.swift in Sources */ = {isa = PBXBuildFile; fileRef = 7D884A521EC154E7005902DE /* DataListOneImageCell.swift */; };
		7D884A551EC1575E005902DE /* TableViewTwoCellDataSource.swift in Sources */ = {isa = PBXBuildFile; fileRef = 7D884A541EC1575E005902DE /* TableViewTwoCellDataSource.swift */; };
		7D884A581EC1B5DE005902DE /* TSYProgressHUD.swift in Sources */ = {isa = PBXBuildFile; fileRef = 7D884A571EC1B5DE005902DE /* TSYProgressHUD.swift */; };
		7D884A5C1EC1B86C005902DE /* TSYCircleLoading.swift in Sources */ = {isa = PBXBuildFile; fileRef = 7D884A5B1EC1B86C005902DE /* TSYCircleLoading.swift */; };
		7D884A5E1EC2A8ED005902DE /* ThreadTool.swift in Sources */ = {isa = PBXBuildFile; fileRef = 7D884A5D1EC2A8ED005902DE /* ThreadTool.swift */; };
		7D884A621EC2B083005902DE /* WKWebViewController.swift in Sources */ = {isa = PBXBuildFile; fileRef = 7D884A601EC2B083005902DE /* WKWebViewController.swift */; };
		7D884A631EC2B083005902DE /* TSYProgressView.swift in Sources */ = {isa = PBXBuildFile; fileRef = 7D884A611EC2B083005902DE /* TSYProgressView.swift */; };
		7D884A651EC2D62E005902DE /* Enum+extension.swift in Sources */ = {isa = PBXBuildFile; fileRef = 7D884A641EC2D62E005902DE /* Enum+extension.swift */; };
		7DB840451EC2F4E1003D2914 /* MenberModel.swift in Sources */ = {isa = PBXBuildFile; fileRef = 7DB840441EC2F4E1003D2914 /* MenberModel.swift */; };
		7DB840481EC2F9E0003D2914 /* LauchCtr.swift in Sources */ = {isa = PBXBuildFile; fileRef = 7DB840471EC2F9E0003D2914 /* LauchCtr.swift */; };
		7DB8404B1EC2FBF2003D2914 /* MembersCtr.swift in Sources */ = {isa = PBXBuildFile; fileRef = 7DB8404A1EC2FBF2003D2914 /* MembersCtr.swift */; };
		7DB8404D1EC2FC20003D2914 /* MembersCtrLayout.swift in Sources */ = {isa = PBXBuildFile; fileRef = 7DB8404C1EC2FC20003D2914 /* MembersCtrLayout.swift */; };
		7DB8404F1EC2FD0D003D2914 /* Views.swift in Sources */ = {isa = PBXBuildFile; fileRef = 7DB8404E1EC2FD0D003D2914 /* Views.swift */; };
		7DB840521EC3112F003D2914 /* CollectionViewDataSource.swift in Sources */ = {isa = PBXBuildFile; fileRef = 7DB840511EC3112F003D2914 /* CollectionViewDataSource.swift */; };
		7DB840541EC31482003D2914 /* MembersCtrCell.swift in Sources */ = {isa = PBXBuildFile; fileRef = 7DB840531EC31481003D2914 /* MembersCtrCell.swift */; };
		7DB840561EC321A4003D2914 /* TSYCollectionViewFlowLayout.swift in Sources */ = {isa = PBXBuildFile; fileRef = 7DB840551EC321A4003D2914 /* TSYCollectionViewFlowLayout.swift */; };
		7DB840581EC41926003D2914 /* NoGiLogoView.swift in Sources */ = {isa = PBXBuildFile; fileRef = 7DB840571EC41926003D2914 /* NoGiLogoView.swift */; };
		7DD4A5C91EBF2F6700B4D0CF /* BaseCtr.swift in Sources */ = {isa = PBXBuildFile; fileRef = 7DD4A5C81EBF2F6700B4D0CF /* BaseCtr.swift */; };
		7DD4A5CC1EBF462800B4D0CF /* TitlesSelectTabbarCtr.swift in Sources */ = {isa = PBXBuildFile; fileRef = 7DD4A5CB1EBF462800B4D0CF /* TitlesSelectTabbarCtr.swift */; };
		7DD4A5CE1EBF4B6900B4D0CF /* TitlesTabbar.swift in Sources */ = {isa = PBXBuildFile; fileRef = 7DD4A5CD1EBF4B6900B4D0CF /* TitlesTabbar.swift */; };
		7DD4A5D01EBF4D6800B4D0CF /* UIColor+extension.swift in Sources */ = {isa = PBXBuildFile; fileRef = 7DD4A5CF1EBF4D6800B4D0CF /* UIColor+extension.swift */; };
		7DD4A5D21EBF4FDA00B4D0CF /* Number+extension.swift in Sources */ = {isa = PBXBuildFile; fileRef = 7DD4A5D11EBF4FDA00B4D0CF /* Number+extension.swift */; };
		7DD4A5D51EC009EC00B4D0CF /* DataListCtr.swift in Sources */ = {isa = PBXBuildFile; fileRef = 7DD4A5D41EC009EC00B4D0CF /* DataListCtr.swift */; };
		7DD4A5D71EC00A3400B4D0CF /* BlogListCtr.swift in Sources */ = {isa = PBXBuildFile; fileRef = 7DD4A5D61EC00A3400B4D0CF /* BlogListCtr.swift */; };
		7DD4A5D91EC00A9400B4D0CF /* NewsListCtr.swift in Sources */ = {isa = PBXBuildFile; fileRef = 7DD4A5D81EC00A9400B4D0CF /* NewsListCtr.swift */; };
		7DD4A5DB1EC00AC500B4D0CF /* MagazineListCtr.swift in Sources */ = {isa = PBXBuildFile; fileRef = 7DD4A5DA1EC00AC500B4D0CF /* MagazineListCtr.swift */; };
		E0599753020DD5DA79BB7009 /* Pods____.framework in Frameworks */ = {isa = PBXBuildFile; fileRef = D2110D7C771C8DA3939348EE /* Pods____.framework */; };
/* End PBXBuildFile section */

/* Begin PBXContainerItemProxy section */
		7D12F9071EBC146B0044F460 /* PBXContainerItemProxy */ = {
			isa = PBXContainerItemProxy;
			containerPortal = 7D12F8EA1EBC146A0044F460 /* Project object */;
			proxyType = 1;
			remoteGlobalIDString = 7D12F8F11EBC146A0044F460;
			remoteInfo = "乃木物";
		};
		7D12F9121EBC146B0044F460 /* PBXContainerItemProxy */ = {
			isa = PBXContainerItemProxy;
			containerPortal = 7D12F8EA1EBC146A0044F460 /* Project object */;
			proxyType = 1;
			remoteGlobalIDString = 7D12F8F11EBC146A0044F460;
			remoteInfo = "乃木物";
		};
/* End PBXContainerItemProxy section */

/* Begin PBXFileReference section */
		3A6692D9C5561CFD90E572DE /* Pods-乃木物.release.xcconfig */ = {isa = PBXFileReference; includeInIndex = 1; lastKnownFileType = text.xcconfig; name = "Pods-乃木物.release.xcconfig"; path = "Pods/Target Support Files/Pods-乃木物/Pods-乃木物.release.xcconfig"; sourceTree = "<group>"; };
		7D12F8F21EBC146A0044F460 /* 乃木物.app */ = {isa = PBXFileReference; explicitFileType = wrapper.application; includeInIndex = 0; path = "乃木物.app"; sourceTree = BUILT_PRODUCTS_DIR; };
		7D12F8F51EBC146A0044F460 /* AppDelegate.swift */ = {isa = PBXFileReference; lastKnownFileType = sourcecode.swift; path = AppDelegate.swift; sourceTree = "<group>"; };
		7D12F8F71EBC146A0044F460 /* ViewController.swift */ = {isa = PBXFileReference; lastKnownFileType = sourcecode.swift; path = ViewController.swift; sourceTree = "<group>"; };
		7D12F8FA1EBC146A0044F460 /* Base */ = {isa = PBXFileReference; lastKnownFileType = file.storyboard; name = Base; path = Base.lproj/Main.storyboard; sourceTree = "<group>"; };
		7D12F8FC1EBC146B0044F460 /* Assets.xcassets */ = {isa = PBXFileReference; lastKnownFileType = folder.assetcatalog; path = Assets.xcassets; sourceTree = "<group>"; };
		7D12F8FF1EBC146B0044F460 /* Base */ = {isa = PBXFileReference; lastKnownFileType = file.storyboard; name = Base; path = Base.lproj/LaunchScreen.storyboard; sourceTree = "<group>"; };
		7D12F9011EBC146B0044F460 /* Info.plist */ = {isa = PBXFileReference; lastKnownFileType = text.plist.xml; path = Info.plist; sourceTree = "<group>"; };
		7D12F9061EBC146B0044F460 /* 乃木物Tests.xctest */ = {isa = PBXFileReference; explicitFileType = wrapper.cfbundle; includeInIndex = 0; path = "乃木物Tests.xctest"; sourceTree = BUILT_PRODUCTS_DIR; };
		7D12F90A1EBC146B0044F460 /* ___Tests.swift */ = {isa = PBXFileReference; lastKnownFileType = sourcecode.swift; path = "___Tests.swift"; sourceTree = "<group>"; };
		7D12F90C1EBC146B0044F460 /* Info.plist */ = {isa = PBXFileReference; lastKnownFileType = text.plist.xml; path = Info.plist; sourceTree = "<group>"; };
		7D12F9111EBC146B0044F460 /* 乃木物UITests.xctest */ = {isa = PBXFileReference; explicitFileType = wrapper.cfbundle; includeInIndex = 0; path = "乃木物UITests.xctest"; sourceTree = BUILT_PRODUCTS_DIR; };
		7D12F9151EBC146B0044F460 /* ___UITests.swift */ = {isa = PBXFileReference; lastKnownFileType = sourcecode.swift; path = "___UITests.swift"; sourceTree = "<group>"; };
		7D12F9171EBC146B0044F460 /* Info.plist */ = {isa = PBXFileReference; lastKnownFileType = text.plist.xml; path = Info.plist; sourceTree = "<group>"; };
		7D12F9271EBC160E0044F460 /* HeighLevelFunc.swift */ = {isa = PBXFileReference; fileEncoding = 4; lastKnownFileType = sourcecode.swift; path = HeighLevelFunc.swift; sourceTree = "<group>"; };
		7D12F9291EBC16230044F460 /* Define+CloSureType.swift */ = {isa = PBXFileReference; fileEncoding = 4; lastKnownFileType = sourcecode.swift; path = "Define+CloSureType.swift"; sourceTree = "<group>"; };
		7D12F92B1EBC17290044F460 /* HttpClient+Alamofire.swift */ = {isa = PBXFileReference; fileEncoding = 4; lastKnownFileType = sourcecode.swift; path = "HttpClient+Alamofire.swift"; sourceTree = "<group>"; };
		7D12F92E1EBC17650044F460 /* API.swift */ = {isa = PBXFileReference; fileEncoding = 4; lastKnownFileType = sourcecode.swift; path = API.swift; sourceTree = "<group>"; };
		7D12F9301EBC177F0044F460 /* HitMessage.swift */ = {isa = PBXFileReference; fileEncoding = 4; lastKnownFileType = sourcecode.swift; path = HitMessage.swift; sourceTree = "<group>"; };
		7D12F9341EBC1B460044F460 /* MainBaseModel.swift */ = {isa = PBXFileReference; fileEncoding = 4; lastKnownFileType = sourcecode.swift; path = MainBaseModel.swift; sourceTree = "<group>"; };
		7D12F9361EBC1B4D0044F460 /* TableViewDataSource.swift */ = {isa = PBXFileReference; fileEncoding = 4; lastKnownFileType = sourcecode.swift; path = TableViewDataSource.swift; sourceTree = "<group>"; };
		7D12F9371EBC1B4D0044F460 /* TableViewDelegate.swift */ = {isa = PBXFileReference; fileEncoding = 4; lastKnownFileType = sourcecode.swift; path = TableViewDelegate.swift; sourceTree = "<group>"; };
		7D12F93D1EBC5BF70044F460 /* HitWebImageManager.swift */ = {isa = PBXFileReference; fileEncoding = 4; lastKnownFileType = sourcecode.swift; path = HitWebImageManager.swift; sourceTree = "<group>"; };
		7D12F9401EBC5CB60044F460 /* String+extension.swift */ = {isa = PBXFileReference; fileEncoding = 4; lastKnownFileType = sourcecode.swift; path = "String+extension.swift"; sourceTree = "<group>"; };
		7D12F9431EBC60E70044F460 /* BaseModel.swift */ = {isa = PBXFileReference; fileEncoding = 4; lastKnownFileType = sourcecode.swift; path = BaseModel.swift; sourceTree = "<group>"; };
		7D12F9451EBC61410044F460 /* MainTabBarCtr.swift */ = {isa = PBXFileReference; fileEncoding = 4; lastKnownFileType = sourcecode.swift; path = MainTabBarCtr.swift; sourceTree = "<group>"; };
		7D54D70E1EBCA1A4008A7B07 /* UIView+extension.swift */ = {isa = PBXFileReference; fileEncoding = 4; lastKnownFileType = sourcecode.swift; path = "UIView+extension.swift"; sourceTree = "<group>"; };
		7D54D7101EBCA235008A7B07 /* Button.swift */ = {isa = PBXFileReference; fileEncoding = 4; lastKnownFileType = sourcecode.swift; path = Button.swift; sourceTree = "<group>"; };
		7D54D7121EBCCC2E008A7B07 /* Bundle+EXtensions.swift */ = {isa = PBXFileReference; fileEncoding = 4; lastKnownFileType = sourcecode.swift; path = "Bundle+EXtensions.swift"; sourceTree = "<group>"; };
		7D54D7141EBDFE42008A7B07 /* DataListModel.swift */ = {isa = PBXFileReference; fileEncoding = 4; lastKnownFileType = sourcecode.swift; path = DataListModel.swift; sourceTree = "<group>"; };
		7D54D7161EBE0089008A7B07 /* Dictionary+extension.swift */ = {isa = PBXFileReference; fileEncoding = 4; lastKnownFileType = sourcecode.swift; path = "Dictionary+extension.swift"; sourceTree = "<group>"; };
		7D60D17B1EC466DE008863D8 /* MemberBlogsCtr.swift */ = {isa = PBXFileReference; fileEncoding = 4; lastKnownFileType = sourcecode.swift; path = MemberBlogsCtr.swift; sourceTree = "<group>"; };
		7D60D17D1EC46711008863D8 /* MemberBlogsCell.swift */ = {isa = PBXFileReference; fileEncoding = 4; lastKnownFileType = sourcecode.swift; path = MemberBlogsCell.swift; sourceTree = "<group>"; };
		7D60D17F1EC4708A008863D8 /* BlogModel.swift */ = {isa = PBXFileReference; fileEncoding = 4; lastKnownFileType = sourcecode.swift; path = BlogModel.swift; sourceTree = "<group>"; };
		7D60D1841EC546C9008863D8 /* MyCtr.swift */ = {isa = PBXFileReference; fileEncoding = 4; lastKnownFileType = sourcecode.swift; path = MyCtr.swift; sourceTree = "<group>"; };
		7D60D1861EC549F9008863D8 /* HeadChangeTableView.swift */ = {isa = PBXFileReference; fileEncoding = 4; lastKnownFileType = sourcecode.swift; path = HeadChangeTableView.swift; sourceTree = "<group>"; };
		7D60D1881EC55205008863D8 /* MyCtrCell.swift */ = {isa = PBXFileReference; fileEncoding = 4; lastKnownFileType = sourcecode.swift; path = MyCtrCell.swift; sourceTree = "<group>"; };
		7D60D18A1EC55E60008863D8 /* AboutCtr.swift */ = {isa = PBXFileReference; fileEncoding = 4; lastKnownFileType = sourcecode.swift; path = AboutCtr.swift; sourceTree = "<group>"; };
		7D60D18C1EC5628C008863D8 /* SlideView.swift */ = {isa = PBXFileReference; fileEncoding = 4; lastKnownFileType = sourcecode.swift; path = SlideView.swift; sourceTree = "<group>"; };
		7D6E61F61EBC9A0F00F8A071 /* HitBaseNavCtr.swift */ = {isa = PBXFileReference; fileEncoding = 4; lastKnownFileType = sourcecode.swift; path = HitBaseNavCtr.swift; sourceTree = "<group>"; };
		7D6E61F81EBC9AEB00F8A071 /* HitBaseNavBar.swift */ = {isa = PBXFileReference; fileEncoding = 4; lastKnownFileType = sourcecode.swift; path = HitBaseNavBar.swift; sourceTree = "<group>"; };
		7D6E61FB1EBC9B6400F8A071 /* Label.swift */ = {isa = PBXFileReference; fileEncoding = 4; lastKnownFileType = sourcecode.swift; path = Label.swift; sourceTree = "<group>"; };
		7D6E61FD1EBC9CC900F8A071 /* Layout.swift */ = {isa = PBXFileReference; fileEncoding = 4; lastKnownFileType = sourcecode.swift; path = Layout.swift; sourceTree = "<group>"; };
		7D6E61FF1EBC9DDB00F8A071 /* UIImage+extension.swift */ = {isa = PBXFileReference; fileEncoding = 4; lastKnownFileType = sourcecode.swift; path = "UIImage+extension.swift"; sourceTree = "<group>"; };
		7D884A4B1EC05D31005902DE /* RefreshView.swift */ = {isa = PBXFileReference; fileEncoding = 4; lastKnownFileType = sourcecode.swift; path = RefreshView.swift; sourceTree = "<group>"; };
		7D884A4E1EC065FB005902DE /* DataListCell.swift */ = {isa = PBXFileReference; fileEncoding = 4; lastKnownFileType = sourcecode.swift; path = DataListCell.swift; sourceTree = "<group>"; };
		7D884A501EC06888005902DE /* Date+extension.swift */ = {isa = PBXFileReference; fileEncoding = 4; lastKnownFileType = sourcecode.swift; path = "Date+extension.swift"; sourceTree = "<group>"; };
		7D884A521EC154E7005902DE /* DataListOneImageCell.swift */ = {isa = PBXFileReference; fileEncoding = 4; lastKnownFileType = sourcecode.swift; path = DataListOneImageCell.swift; sourceTree = "<group>"; };
		7D884A541EC1575E005902DE /* TableViewTwoCellDataSource.swift */ = {isa = PBXFileReference; fileEncoding = 4; lastKnownFileType = sourcecode.swift; path = TableViewTwoCellDataSource.swift; sourceTree = "<group>"; };
		7D884A571EC1B5DE005902DE /* TSYProgressHUD.swift */ = {isa = PBXFileReference; fileEncoding = 4; lastKnownFileType = sourcecode.swift; path = TSYProgressHUD.swift; sourceTree = "<group>"; };
		7D884A5B1EC1B86C005902DE /* TSYCircleLoading.swift */ = {isa = PBXFileReference; fileEncoding = 4; lastKnownFileType = sourcecode.swift; path = TSYCircleLoading.swift; sourceTree = "<group>"; };
		7D884A5D1EC2A8ED005902DE /* ThreadTool.swift */ = {isa = PBXFileReference; fileEncoding = 4; lastKnownFileType = sourcecode.swift; path = ThreadTool.swift; sourceTree = "<group>"; };
		7D884A601EC2B083005902DE /* WKWebViewController.swift */ = {isa = PBXFileReference; fileEncoding = 4; lastKnownFileType = sourcecode.swift; path = WKWebViewController.swift; sourceTree = "<group>"; };
		7D884A611EC2B083005902DE /* TSYProgressView.swift */ = {isa = PBXFileReference; fileEncoding = 4; lastKnownFileType = sourcecode.swift; path = TSYProgressView.swift; sourceTree = "<group>"; };
		7D884A641EC2D62E005902DE /* Enum+extension.swift */ = {isa = PBXFileReference; fileEncoding = 4; lastKnownFileType = sourcecode.swift; path = "Enum+extension.swift"; sourceTree = "<group>"; };
		7DB840441EC2F4E1003D2914 /* MenberModel.swift */ = {isa = PBXFileReference; fileEncoding = 4; lastKnownFileType = sourcecode.swift; path = MenberModel.swift; sourceTree = "<group>"; };
		7DB840471EC2F9E0003D2914 /* LauchCtr.swift */ = {isa = PBXFileReference; fileEncoding = 4; lastKnownFileType = sourcecode.swift; path = LauchCtr.swift; sourceTree = "<group>"; };
		7DB8404A1EC2FBF2003D2914 /* MembersCtr.swift */ = {isa = PBXFileReference; fileEncoding = 4; lastKnownFileType = sourcecode.swift; path = MembersCtr.swift; sourceTree = "<group>"; };
		7DB8404C1EC2FC20003D2914 /* MembersCtrLayout.swift */ = {isa = PBXFileReference; fileEncoding = 4; lastKnownFileType = sourcecode.swift; path = MembersCtrLayout.swift; sourceTree = "<group>"; };
		7DB8404E1EC2FD0D003D2914 /* Views.swift */ = {isa = PBXFileReference; fileEncoding = 4; lastKnownFileType = sourcecode.swift; path = Views.swift; sourceTree = "<group>"; };
		7DB840511EC3112F003D2914 /* CollectionViewDataSource.swift */ = {isa = PBXFileReference; fileEncoding = 4; lastKnownFileType = sourcecode.swift; path = CollectionViewDataSource.swift; sourceTree = "<group>"; };
		7DB840531EC31481003D2914 /* MembersCtrCell.swift */ = {isa = PBXFileReference; fileEncoding = 4; lastKnownFileType = sourcecode.swift; path = MembersCtrCell.swift; sourceTree = "<group>"; };
		7DB840551EC321A4003D2914 /* TSYCollectionViewFlowLayout.swift */ = {isa = PBXFileReference; fileEncoding = 4; lastKnownFileType = sourcecode.swift; path = TSYCollectionViewFlowLayout.swift; sourceTree = "<group>"; };
		7DB840571EC41926003D2914 /* NoGiLogoView.swift */ = {isa = PBXFileReference; fileEncoding = 4; lastKnownFileType = sourcecode.swift; path = NoGiLogoView.swift; sourceTree = "<group>"; };
		7DD4A5C81EBF2F6700B4D0CF /* BaseCtr.swift */ = {isa = PBXFileReference; fileEncoding = 4; lastKnownFileType = sourcecode.swift; path = BaseCtr.swift; sourceTree = "<group>"; };
		7DD4A5CB1EBF462800B4D0CF /* TitlesSelectTabbarCtr.swift */ = {isa = PBXFileReference; fileEncoding = 4; lastKnownFileType = sourcecode.swift; path = TitlesSelectTabbarCtr.swift; sourceTree = "<group>"; };
		7DD4A5CD1EBF4B6900B4D0CF /* TitlesTabbar.swift */ = {isa = PBXFileReference; fileEncoding = 4; lastKnownFileType = sourcecode.swift; path = TitlesTabbar.swift; sourceTree = "<group>"; };
		7DD4A5CF1EBF4D6800B4D0CF /* UIColor+extension.swift */ = {isa = PBXFileReference; fileEncoding = 4; lastKnownFileType = sourcecode.swift; path = "UIColor+extension.swift"; sourceTree = "<group>"; };
		7DD4A5D11EBF4FDA00B4D0CF /* Number+extension.swift */ = {isa = PBXFileReference; fileEncoding = 4; lastKnownFileType = sourcecode.swift; path = "Number+extension.swift"; sourceTree = "<group>"; };
		7DD4A5D41EC009EC00B4D0CF /* DataListCtr.swift */ = {isa = PBXFileReference; fileEncoding = 4; lastKnownFileType = sourcecode.swift; path = DataListCtr.swift; sourceTree = "<group>"; };
		7DD4A5D61EC00A3400B4D0CF /* BlogListCtr.swift */ = {isa = PBXFileReference; fileEncoding = 4; lastKnownFileType = sourcecode.swift; path = BlogListCtr.swift; sourceTree = "<group>"; };
		7DD4A5D81EC00A9400B4D0CF /* NewsListCtr.swift */ = {isa = PBXFileReference; fileEncoding = 4; lastKnownFileType = sourcecode.swift; path = NewsListCtr.swift; sourceTree = "<group>"; };
		7DD4A5DA1EC00AC500B4D0CF /* MagazineListCtr.swift */ = {isa = PBXFileReference; fileEncoding = 4; lastKnownFileType = sourcecode.swift; path = MagazineListCtr.swift; sourceTree = "<group>"; };
		A4A2647FA992D823354E9402 /* Pods-乃木物.debug.xcconfig */ = {isa = PBXFileReference; includeInIndex = 1; lastKnownFileType = text.xcconfig; name = "Pods-乃木物.debug.xcconfig"; path = "Pods/Target Support Files/Pods-乃木物/Pods-乃木物.debug.xcconfig"; sourceTree = "<group>"; };
		D2110D7C771C8DA3939348EE /* Pods____.framework */ = {isa = PBXFileReference; explicitFileType = wrapper.framework; includeInIndex = 0; path = "Pods____.framework"; sourceTree = BUILT_PRODUCTS_DIR; };
/* End PBXFileReference section */

/* Begin PBXFrameworksBuildPhase section */
		7D12F8EF1EBC146A0044F460 /* Frameworks */ = {
			isa = PBXFrameworksBuildPhase;
			buildActionMask = 2147483647;
			files = (
				E0599753020DD5DA79BB7009 /* Pods____.framework in Frameworks */,
			);
			runOnlyForDeploymentPostprocessing = 0;
		};
		7D12F9031EBC146B0044F460 /* Frameworks */ = {
			isa = PBXFrameworksBuildPhase;
			buildActionMask = 2147483647;
			files = (
			);
			runOnlyForDeploymentPostprocessing = 0;
		};
		7D12F90E1EBC146B0044F460 /* Frameworks */ = {
			isa = PBXFrameworksBuildPhase;
			buildActionMask = 2147483647;
			files = (
			);
			runOnlyForDeploymentPostprocessing = 0;
		};
/* End PBXFrameworksBuildPhase section */

/* Begin PBXGroup section */
		7C69AC58CFCA692BCE351304 /* Frameworks */ = {
			isa = PBXGroup;
			children = (
				D2110D7C771C8DA3939348EE /* Pods____.framework */,
			);
			name = Frameworks;
			sourceTree = "<group>";
		};
		7D12F8E91EBC146A0044F460 = {
			isa = PBXGroup;
			children = (
				7D12F8F41EBC146A0044F460 /* 乃木物 */,
				7D12F9091EBC146B0044F460 /* 乃木物Tests */,
				7D12F9141EBC146B0044F460 /* 乃木物UITests */,
				7D12F8F31EBC146A0044F460 /* Products */,
				90A091FDB6304F5EBC87DF66 /* Pods */,
				7C69AC58CFCA692BCE351304 /* Frameworks */,
			);
			sourceTree = "<group>";
		};
		7D12F8F31EBC146A0044F460 /* Products */ = {
			isa = PBXGroup;
			children = (
				7D12F8F21EBC146A0044F460 /* 乃木物.app */,
				7D12F9061EBC146B0044F460 /* 乃木物Tests.xctest */,
				7D12F9111EBC146B0044F460 /* 乃木物UITests.xctest */,
			);
			name = Products;
			sourceTree = "<group>";
		};
		7D12F8F41EBC146A0044F460 /* 乃木物 */ = {
			isa = PBXGroup;
			children = (
				7D12F93F1EBC5C9C0044F460 /* Extension */,
				7D12F92D1EBC17520044F460 /* Define */,
				7D12F9261EBC15E50044F460 /* Tool */,
				7D12F9231EBC14790044F460 /* Main */,
				7D12F8F51EBC146A0044F460 /* AppDelegate.swift */,
				7D12F8F71EBC146A0044F460 /* ViewController.swift */,
				7D12F8F91EBC146A0044F460 /* Main.storyboard */,
				7D12F8FC1EBC146B0044F460 /* Assets.xcassets */,
				7D12F8FE1EBC146B0044F460 /* LaunchScreen.storyboard */,
				7D12F9011EBC146B0044F460 /* Info.plist */,
			);
			path = "乃木物";
			sourceTree = "<group>";
		};
		7D12F9091EBC146B0044F460 /* 乃木物Tests */ = {
			isa = PBXGroup;
			children = (
				7D12F90A1EBC146B0044F460 /* ___Tests.swift */,
				7D12F90C1EBC146B0044F460 /* Info.plist */,
			);
			path = "乃木物Tests";
			sourceTree = "<group>";
		};
		7D12F9141EBC146B0044F460 /* 乃木物UITests */ = {
			isa = PBXGroup;
			children = (
				7D12F9151EBC146B0044F460 /* ___UITests.swift */,
				7D12F9171EBC146B0044F460 /* Info.plist */,
			);
			path = "乃木物UITests";
			sourceTree = "<group>";
		};
		7D12F9231EBC14790044F460 /* Main */ = {
			isa = PBXGroup;
			children = (
				7DD4A5CA1EBF45F000B4D0CF /* CtrCategory */,
				7D6E61FA1EBC9B3D00F8A071 /* Controls */,
				7D12F9241EBC15A60044F460 /* Views */,
				7D12F9421EBC60E70044F460 /* BaseModel */,
				7D12F9251EBC15C10044F460 /* Controllers */,
			);
			path = Main;
			sourceTree = "<group>";
		};
		7D12F9241EBC15A60044F460 /* Views */ = {
			isa = PBXGroup;
			children = (
				7D884A4B1EC05D31005902DE /* RefreshView.swift */,
				7D60D1861EC549F9008863D8 /* HeadChangeTableView.swift */,
				7DB840571EC41926003D2914 /* NoGiLogoView.swift */,
				7D60D18C1EC5628C008863D8 /* SlideView.swift */,
			);
			path = Views;
			sourceTree = "<group>";
		};
		7D12F9251EBC15C10044F460 /* Controllers */ = {
			isa = PBXGroup;
			children = (
				7D60D1831EC546AC008863D8 /* MyCtr */,
				7D60D17A1EC466BB008863D8 /* MemberBlogsCtr */,
				7DB840461EC2F9C0003D2914 /* LauchCtr */,
				7D12F9321EBC1AFD0044F460 /* BaseCtr */,
				7DB840491EC2FBCF003D2914 /* MembersCtr */,
				7D54D7181EBF2E73008A7B07 /* DataListCtr */,
				7D12F9451EBC61410044F460 /* MainTabBarCtr.swift */,
			);
			path = Controllers;
			sourceTree = "<group>";
		};
		7D12F9261EBC15E50044F460 /* Tool */ = {
			isa = PBXGroup;
			children = (
				7D884A5F1EC2B06B005902DE /* WKWebView */,
				7D884A561EC1B5B2005902DE /* TSYProgressHUD */,
				7D12F92B1EBC17290044F460 /* HttpClient+Alamofire.swift */,
				7D12F93D1EBC5BF70044F460 /* HitWebImageManager.swift */,
				7D12F9301EBC177F0044F460 /* HitMessage.swift */,
				7D12F9291EBC16230044F460 /* Define+CloSureType.swift */,
				7D12F9271EBC160E0044F460 /* HeighLevelFunc.swift */,
				7D884A5D1EC2A8ED005902DE /* ThreadTool.swift */,
			);
			path = Tool;
			sourceTree = "<group>";
		};
		7D12F92D1EBC17520044F460 /* Define */ = {
			isa = PBXGroup;
			children = (
				7D12F92E1EBC17650044F460 /* API.swift */,
				7D6E61FD1EBC9CC900F8A071 /* Layout.swift */,
			);
			path = Define;
			sourceTree = "<group>";
		};
		7D12F9321EBC1AFD0044F460 /* BaseCtr */ = {
			isa = PBXGroup;
			children = (
				7DB840501EC3100F003D2914 /* BaseCollectionViewDelegate */,
				7D12F9331EBC1B130044F460 /* BaseTableViewDelegate */,
				7D6E61F61EBC9A0F00F8A071 /* HitBaseNavCtr.swift */,
				7D6E61F81EBC9AEB00F8A071 /* HitBaseNavBar.swift */,
				7DD4A5C81EBF2F6700B4D0CF /* BaseCtr.swift */,
			);
			path = BaseCtr;
			sourceTree = "<group>";
		};
		7D12F9331EBC1B130044F460 /* BaseTableViewDelegate */ = {
			isa = PBXGroup;
			children = (
				7D12F9361EBC1B4D0044F460 /* TableViewDataSource.swift */,
				7D884A541EC1575E005902DE /* TableViewTwoCellDataSource.swift */,
				7D12F9371EBC1B4D0044F460 /* TableViewDelegate.swift */,
				7D12F9341EBC1B460044F460 /* MainBaseModel.swift */,
			);
			path = BaseTableViewDelegate;
			sourceTree = "<group>";
		};
		7D12F93F1EBC5C9C0044F460 /* Extension */ = {
			isa = PBXGroup;
			children = (
				7D12F9401EBC5CB60044F460 /* String+extension.swift */,
				7D6E61FF1EBC9DDB00F8A071 /* UIImage+extension.swift */,
				7D54D70E1EBCA1A4008A7B07 /* UIView+extension.swift */,
				7D54D7121EBCCC2E008A7B07 /* Bundle+EXtensions.swift */,
				7D54D7161EBE0089008A7B07 /* Dictionary+extension.swift */,
				7DD4A5CF1EBF4D6800B4D0CF /* UIColor+extension.swift */,
				7DD4A5D11EBF4FDA00B4D0CF /* Number+extension.swift */,
				7D884A501EC06888005902DE /* Date+extension.swift */,
				7D884A641EC2D62E005902DE /* Enum+extension.swift */,
			);
			path = Extension;
			sourceTree = "<group>";
		};
		7D12F9421EBC60E70044F460 /* BaseModel */ = {
			isa = PBXGroup;
			children = (
				7D12F9431EBC60E70044F460 /* BaseModel.swift */,
				7D54D7141EBDFE42008A7B07 /* DataListModel.swift */,
				7DB840441EC2F4E1003D2914 /* MenberModel.swift */,
				7D60D17F1EC4708A008863D8 /* BlogModel.swift */,
			);
			path = BaseModel;
			sourceTree = "<group>";
		};
		7D54D7181EBF2E73008A7B07 /* DataListCtr */ = {
			isa = PBXGroup;
			children = (
				7D884A4D1EC06593005902DE /* Cells */,
				7DD4A5D41EC009EC00B4D0CF /* DataListCtr.swift */,
				7DD4A5D61EC00A3400B4D0CF /* BlogListCtr.swift */,
				7DD4A5D81EC00A9400B4D0CF /* NewsListCtr.swift */,
				7DD4A5DA1EC00AC500B4D0CF /* MagazineListCtr.swift */,
			);
			path = DataListCtr;
			sourceTree = "<group>";
		};
		7D60D17A1EC466BB008863D8 /* MemberBlogsCtr */ = {
			isa = PBXGroup;
			children = (
				7D60D17B1EC466DE008863D8 /* MemberBlogsCtr.swift */,
				7D60D17D1EC46711008863D8 /* MemberBlogsCell.swift */,
			);
			path = MemberBlogsCtr;
			sourceTree = "<group>";
		};
		7D60D1831EC546AC008863D8 /* MyCtr */ = {
			isa = PBXGroup;
			children = (
				7D60D1841EC546C9008863D8 /* MyCtr.swift */,
				7D60D1881EC55205008863D8 /* MyCtrCell.swift */,
				7D60D18A1EC55E60008863D8 /* AboutCtr.swift */,
			);
			path = MyCtr;
			sourceTree = "<group>";
		};
		7D6E61FA1EBC9B3D00F8A071 /* Controls */ = {
			isa = PBXGroup;
			children = (
				7D6E61FB1EBC9B6400F8A071 /* Label.swift */,
				7D54D7101EBCA235008A7B07 /* Button.swift */,
				7DB8404E1EC2FD0D003D2914 /* Views.swift */,
			);
			path = Controls;
			sourceTree = "<group>";
		};
		7D884A4D1EC06593005902DE /* Cells */ = {
			isa = PBXGroup;
			children = (
				7D884A4E1EC065FB005902DE /* DataListCell.swift */,
				7D884A521EC154E7005902DE /* DataListOneImageCell.swift */,
			);
			path = Cells;
			sourceTree = "<group>";
		};
		7D884A561EC1B5B2005902DE /* TSYProgressHUD */ = {
			isa = PBXGroup;
			children = (
				7D884A5B1EC1B86C005902DE /* TSYCircleLoading.swift */,
				7D884A571EC1B5DE005902DE /* TSYProgressHUD.swift */,
			);
			path = TSYProgressHUD;
			sourceTree = "<group>";
		};
		7D884A5F1EC2B06B005902DE /* WKWebView */ = {
			isa = PBXGroup;
			children = (
				7D884A601EC2B083005902DE /* WKWebViewController.swift */,
				7D884A611EC2B083005902DE /* TSYProgressView.swift */,
			);
			path = WKWebView;
			sourceTree = "<group>";
		};
		7DB840461EC2F9C0003D2914 /* LauchCtr */ = {
			isa = PBXGroup;
			children = (
				7DB840471EC2F9E0003D2914 /* LauchCtr.swift */,
			);
			path = LauchCtr;
			sourceTree = "<group>";
		};
		7DB840491EC2FBCF003D2914 /* MembersCtr */ = {
			isa = PBXGroup;
			children = (
				7DB840551EC321A4003D2914 /* TSYCollectionViewFlowLayout.swift */,
				7DB8404C1EC2FC20003D2914 /* MembersCtrLayout.swift */,
				7DB840531EC31481003D2914 /* MembersCtrCell.swift */,
				7DB8404A1EC2FBF2003D2914 /* MembersCtr.swift */,
			);
			path = MembersCtr;
			sourceTree = "<group>";
		};
		7DB840501EC3100F003D2914 /* BaseCollectionViewDelegate */ = {
			isa = PBXGroup;
			children = (
				7DB840511EC3112F003D2914 /* CollectionViewDataSource.swift */,
			);
			path = BaseCollectionViewDelegate;
			sourceTree = "<group>";
		};
		7DD4A5CA1EBF45F000B4D0CF /* CtrCategory */ = {
			isa = PBXGroup;
			children = (
				7DD4A5CB1EBF462800B4D0CF /* TitlesSelectTabbarCtr.swift */,
				7DD4A5CD1EBF4B6900B4D0CF /* TitlesTabbar.swift */,
			);
			path = CtrCategory;
			sourceTree = "<group>";
		};
		90A091FDB6304F5EBC87DF66 /* Pods */ = {
			isa = PBXGroup;
			children = (
				A4A2647FA992D823354E9402 /* Pods-乃木物.debug.xcconfig */,
				3A6692D9C5561CFD90E572DE /* Pods-乃木物.release.xcconfig */,
			);
			name = Pods;
			sourceTree = "<group>";
		};
/* End PBXGroup section */

/* Begin PBXNativeTarget section */
		7D12F8F11EBC146A0044F460 /* 乃木物 */ = {
			isa = PBXNativeTarget;
			buildConfigurationList = 7D12F91A1EBC146B0044F460 /* Build configuration list for PBXNativeTarget "乃木物" */;
			buildPhases = (
				C144FDAEF678A71B40373723 /* [CP] Check Pods Manifest.lock */,
				7D12F8EE1EBC146A0044F460 /* Sources */,
				7D12F8EF1EBC146A0044F460 /* Frameworks */,
				7D12F8F01EBC146A0044F460 /* Resources */,
				7599A8E74F7506F7EEC9A033 /* [CP] Embed Pods Frameworks */,
				8D803DF0B4668FDF1AEB7B91 /* [CP] Copy Pods Resources */,
			);
			buildRules = (
			);
			dependencies = (
			);
			name = "乃木物";
			productName = "乃木物";
			productReference = 7D12F8F21EBC146A0044F460 /* 乃木物.app */;
			productType = "com.apple.product-type.application";
		};
		7D12F9051EBC146B0044F460 /* 乃木物Tests */ = {
			isa = PBXNativeTarget;
			buildConfigurationList = 7D12F91D1EBC146B0044F460 /* Build configuration list for PBXNativeTarget "乃木物Tests" */;
			buildPhases = (
				7D12F9021EBC146B0044F460 /* Sources */,
				7D12F9031EBC146B0044F460 /* Frameworks */,
				7D12F9041EBC146B0044F460 /* Resources */,
			);
			buildRules = (
			);
			dependencies = (
				7D12F9081EBC146B0044F460 /* PBXTargetDependency */,
			);
			name = "乃木物Tests";
			productName = "乃木物Tests";
			productReference = 7D12F9061EBC146B0044F460 /* 乃木物Tests.xctest */;
			productType = "com.apple.product-type.bundle.unit-test";
		};
		7D12F9101EBC146B0044F460 /* 乃木物UITests */ = {
			isa = PBXNativeTarget;
			buildConfigurationList = 7D12F9201EBC146B0044F460 /* Build configuration list for PBXNativeTarget "乃木物UITests" */;
			buildPhases = (
				7D12F90D1EBC146B0044F460 /* Sources */,
				7D12F90E1EBC146B0044F460 /* Frameworks */,
				7D12F90F1EBC146B0044F460 /* Resources */,
			);
			buildRules = (
			);
			dependencies = (
				7D12F9131EBC146B0044F460 /* PBXTargetDependency */,
			);
			name = "乃木物UITests";
			productName = "乃木物UITests";
			productReference = 7D12F9111EBC146B0044F460 /* 乃木物UITests.xctest */;
			productType = "com.apple.product-type.bundle.ui-testing";
		};
/* End PBXNativeTarget section */

/* Begin PBXProject section */
		7D12F8EA1EBC146A0044F460 /* Project object */ = {
			isa = PBXProject;
			attributes = {
				LastSwiftUpdateCheck = 0820;
				LastUpgradeCheck = 0820;
				ORGANIZATIONNAME = TSY;
				TargetAttributes = {
					7D12F8F11EBC146A0044F460 = {
						CreatedOnToolsVersion = 8.2;
						DevelopmentTeam = FM2397CJ78;
						ProvisioningStyle = Automatic;
					};
					7D12F9051EBC146B0044F460 = {
						CreatedOnToolsVersion = 8.2;
						ProvisioningStyle = Automatic;
						TestTargetID = 7D12F8F11EBC146A0044F460;
					};
					7D12F9101EBC146B0044F460 = {
						CreatedOnToolsVersion = 8.2;
						ProvisioningStyle = Automatic;
						TestTargetID = 7D12F8F11EBC146A0044F460;
					};
				};
			};
			buildConfigurationList = 7D12F8ED1EBC146A0044F460 /* Build configuration list for PBXProject "乃木物" */;
			compatibilityVersion = "Xcode 3.2";
			developmentRegion = English;
			hasScannedForEncodings = 0;
			knownRegions = (
				en,
				Base,
			);
			mainGroup = 7D12F8E91EBC146A0044F460;
			productRefGroup = 7D12F8F31EBC146A0044F460 /* Products */;
			projectDirPath = "";
			projectRoot = "";
			targets = (
				7D12F8F11EBC146A0044F460 /* 乃木物 */,
				7D12F9051EBC146B0044F460 /* 乃木物Tests */,
				7D12F9101EBC146B0044F460 /* 乃木物UITests */,
			);
		};
/* End PBXProject section */

/* Begin PBXResourcesBuildPhase section */
		7D12F8F01EBC146A0044F460 /* Resources */ = {
			isa = PBXResourcesBuildPhase;
			buildActionMask = 2147483647;
			files = (
				7D12F9001EBC146B0044F460 /* LaunchScreen.storyboard in Resources */,
				7D12F8FD1EBC146B0044F460 /* Assets.xcassets in Resources */,
				7D12F8FB1EBC146A0044F460 /* Main.storyboard in Resources */,
			);
			runOnlyForDeploymentPostprocessing = 0;
		};
		7D12F9041EBC146B0044F460 /* Resources */ = {
			isa = PBXResourcesBuildPhase;
			buildActionMask = 2147483647;
			files = (
			);
			runOnlyForDeploymentPostprocessing = 0;
		};
		7D12F90F1EBC146B0044F460 /* Resources */ = {
			isa = PBXResourcesBuildPhase;
			buildActionMask = 2147483647;
			files = (
			);
			runOnlyForDeploymentPostprocessing = 0;
		};
/* End PBXResourcesBuildPhase section */

/* Begin PBXShellScriptBuildPhase section */
		7599A8E74F7506F7EEC9A033 /* [CP] Embed Pods Frameworks */ = {
			isa = PBXShellScriptBuildPhase;
			buildActionMask = 2147483647;
			files = (
			);
			inputPaths = (
			);
			name = "[CP] Embed Pods Frameworks";
			outputPaths = (
			);
			runOnlyForDeploymentPostprocessing = 0;
			shellPath = /bin/sh;
			shellScript = "\"${SRCROOT}/Pods/Target Support Files/Pods-乃木物/Pods-乃木物-frameworks.sh\"\n";
			showEnvVarsInLog = 0;
		};
		8D803DF0B4668FDF1AEB7B91 /* [CP] Copy Pods Resources */ = {
			isa = PBXShellScriptBuildPhase;
			buildActionMask = 2147483647;
			files = (
			);
			inputPaths = (
			);
			name = "[CP] Copy Pods Resources";
			outputPaths = (
			);
			runOnlyForDeploymentPostprocessing = 0;
			shellPath = /bin/sh;
			shellScript = "\"${SRCROOT}/Pods/Target Support Files/Pods-乃木物/Pods-乃木物-resources.sh\"\n";
			showEnvVarsInLog = 0;
		};
		C144FDAEF678A71B40373723 /* [CP] Check Pods Manifest.lock */ = {
			isa = PBXShellScriptBuildPhase;
			buildActionMask = 2147483647;
			files = (
			);
			inputPaths = (
			);
			name = "[CP] Check Pods Manifest.lock";
			outputPaths = (
			);
			runOnlyForDeploymentPostprocessing = 0;
			shellPath = /bin/sh;
			shellScript = "diff \"${PODS_ROOT}/../Podfile.lock\" \"${PODS_ROOT}/Manifest.lock\" > /dev/null\nif [ $? != 0 ] ; then\n    # print error to STDERR\n    echo \"error: The sandbox is not in sync with the Podfile.lock. Run 'pod install' or update your CocoaPods installation.\" >&2\n    exit 1\nfi\n";
			showEnvVarsInLog = 0;
		};
/* End PBXShellScriptBuildPhase section */

/* Begin PBXSourcesBuildPhase section */
		7D12F8EE1EBC146A0044F460 /* Sources */ = {
			isa = PBXSourcesBuildPhase;
			buildActionMask = 2147483647;
			files = (
				7D12F9391EBC1B4D0044F460 /* TableViewDelegate.swift in Sources */,
				7D884A511EC06888005902DE /* Date+extension.swift in Sources */,
				7DD4A5DB1EC00AC500B4D0CF /* MagazineListCtr.swift in Sources */,
				7DB8404F1EC2FD0D003D2914 /* Views.swift in Sources */,
				7D6E61F71EBC9A0F00F8A071 /* HitBaseNavCtr.swift in Sources */,
				7D884A651EC2D62E005902DE /* Enum+extension.swift in Sources */,
				7D12F9381EBC1B4D0044F460 /* TableViewDataSource.swift in Sources */,
				7DB840581EC41926003D2914 /* NoGiLogoView.swift in Sources */,
				7DD4A5D01EBF4D6800B4D0CF /* UIColor+extension.swift in Sources */,
				7D884A551EC1575E005902DE /* TableViewTwoCellDataSource.swift in Sources */,
				7D12F92A1EBC16230044F460 /* Define+CloSureType.swift in Sources */,
				7DD4A5CC1EBF462800B4D0CF /* TitlesSelectTabbarCtr.swift in Sources */,
				7D884A621EC2B083005902DE /* WKWebViewController.swift in Sources */,
				7D884A631EC2B083005902DE /* TSYProgressView.swift in Sources */,
				7D60D18D1EC5628C008863D8 /* SlideView.swift in Sources */,
				7D12F9441EBC60E70044F460 /* BaseModel.swift in Sources */,
				7D54D7151EBDFE42008A7B07 /* DataListModel.swift in Sources */,
				7D6E61FE1EBC9CC900F8A071 /* Layout.swift in Sources */,
				7D60D1851EC546C9008863D8 /* MyCtr.swift in Sources */,
				7D60D1891EC55205008863D8 /* MyCtrCell.swift in Sources */,
				7DD4A5D51EC009EC00B4D0CF /* DataListCtr.swift in Sources */,
				7DB8404B1EC2FBF2003D2914 /* MembersCtr.swift in Sources */,
				7D12F93E1EBC5BF80044F460 /* HitWebImageManager.swift in Sources */,
				7D54D7111EBCA235008A7B07 /* Button.swift in Sources */,
				7DB8404D1EC2FC20003D2914 /* MembersCtrLayout.swift in Sources */,
				7DB840451EC2F4E1003D2914 /* MenberModel.swift in Sources */,
				7D60D1801EC4708A008863D8 /* BlogModel.swift in Sources */,
				7D884A4F1EC065FB005902DE /* DataListCell.swift in Sources */,
				7DB840561EC321A4003D2914 /* TSYCollectionViewFlowLayout.swift in Sources */,
				7D12F92C1EBC17290044F460 /* HttpClient+Alamofire.swift in Sources */,
				7D884A5C1EC1B86C005902DE /* TSYCircleLoading.swift in Sources */,
				7D884A4C1EC05D31005902DE /* RefreshView.swift in Sources */,
				7DB840541EC31482003D2914 /* MembersCtrCell.swift in Sources */,
				7D60D1871EC549F9008863D8 /* HeadChangeTableView.swift in Sources */,
				7D884A531EC154E7005902DE /* DataListOneImageCell.swift in Sources */,
				7D12F9461EBC61410044F460 /* MainTabBarCtr.swift in Sources */,
				7DD4A5D91EC00A9400B4D0CF /* NewsListCtr.swift in Sources */,
				7D54D7171EBE0089008A7B07 /* Dictionary+extension.swift in Sources */,
				7D60D18B1EC55E60008863D8 /* AboutCtr.swift in Sources */,
				7D6E61F91EBC9AEB00F8A071 /* HitBaseNavBar.swift in Sources */,
				7D60D17E1EC46711008863D8 /* MemberBlogsCell.swift in Sources */,
				7DD4A5D71EC00A3400B4D0CF /* BlogListCtr.swift in Sources */,
				7DD4A5CE1EBF4B6900B4D0CF /* TitlesTabbar.swift in Sources */,
				7D54D70F1EBCA1A4008A7B07 /* UIView+extension.swift in Sources */,
				7DB840481EC2F9E0003D2914 /* LauchCtr.swift in Sources */,
				7D12F9281EBC160E0044F460 /* HeighLevelFunc.swift in Sources */,
				7D12F8F81EBC146A0044F460 /* ViewController.swift in Sources */,
				7DD4A5D21EBF4FDA00B4D0CF /* Number+extension.swift in Sources */,
				7D884A581EC1B5DE005902DE /* TSYProgressHUD.swift in Sources */,
				7D12F92F1EBC17650044F460 /* API.swift in Sources */,
				7D60D17C1EC466DE008863D8 /* MemberBlogsCtr.swift in Sources */,
				7D12F8F61EBC146A0044F460 /* AppDelegate.swift in Sources */,
				7D6E62001EBC9DDB00F8A071 /* UIImage+extension.swift in Sources */,
				7D12F9311EBC177F0044F460 /* HitMessage.swift in Sources */,
				7D884A5E1EC2A8ED005902DE /* ThreadTool.swift in Sources */,
				7D6E61FC1EBC9B6400F8A071 /* Label.swift in Sources */,
				7DB840521EC3112F003D2914 /* CollectionViewDataSource.swift in Sources */,
				7D54D7131EBCCC2E008A7B07 /* Bundle+EXtensions.swift in Sources */,
				7D12F9351EBC1B460044F460 /* MainBaseModel.swift in Sources */,
				7D12F9411EBC5CB60044F460 /* String+extension.swift in Sources */,
				7DD4A5C91EBF2F6700B4D0CF /* BaseCtr.swift in Sources */,
			);
			runOnlyForDeploymentPostprocessing = 0;
		};
		7D12F9021EBC146B0044F460 /* Sources */ = {
			isa = PBXSourcesBuildPhase;
			buildActionMask = 2147483647;
			files = (
				7D12F90B1EBC146B0044F460 /* ___Tests.swift in Sources */,
			);
			runOnlyForDeploymentPostprocessing = 0;
		};
		7D12F90D1EBC146B0044F460 /* Sources */ = {
			isa = PBXSourcesBuildPhase;
			buildActionMask = 2147483647;
			files = (
				7D12F9161EBC146B0044F460 /* ___UITests.swift in Sources */,
			);
			runOnlyForDeploymentPostprocessing = 0;
		};
/* End PBXSourcesBuildPhase section */

/* Begin PBXTargetDependency section */
		7D12F9081EBC146B0044F460 /* PBXTargetDependency */ = {
			isa = PBXTargetDependency;
			target = 7D12F8F11EBC146A0044F460 /* 乃木物 */;
			targetProxy = 7D12F9071EBC146B0044F460 /* PBXContainerItemProxy */;
		};
		7D12F9131EBC146B0044F460 /* PBXTargetDependency */ = {
			isa = PBXTargetDependency;
			target = 7D12F8F11EBC146A0044F460 /* 乃木物 */;
			targetProxy = 7D12F9121EBC146B0044F460 /* PBXContainerItemProxy */;
		};
/* End PBXTargetDependency section */

/* Begin PBXVariantGroup section */
		7D12F8F91EBC146A0044F460 /* Main.storyboard */ = {
			isa = PBXVariantGroup;
			children = (
				7D12F8FA1EBC146A0044F460 /* Base */,
			);
			name = Main.storyboard;
			sourceTree = "<group>";
		};
		7D12F8FE1EBC146B0044F460 /* LaunchScreen.storyboard */ = {
			isa = PBXVariantGroup;
			children = (
				7D12F8FF1EBC146B0044F460 /* Base */,
			);
			name = LaunchScreen.storyboard;
			sourceTree = "<group>";
		};
/* End PBXVariantGroup section */

/* Begin XCBuildConfiguration section */
		7D12F9181EBC146B0044F460 /* Debug */ = {
			isa = XCBuildConfiguration;
			buildSettings = {
				ALWAYS_SEARCH_USER_PATHS = NO;
				CLANG_ANALYZER_NONNULL = YES;
				CLANG_CXX_LANGUAGE_STANDARD = "gnu++0x";
				CLANG_CXX_LIBRARY = "libc++";
				CLANG_ENABLE_MODULES = YES;
				CLANG_ENABLE_OBJC_ARC = YES;
				CLANG_WARN_BOOL_CONVERSION = YES;
				CLANG_WARN_CONSTANT_CONVERSION = YES;
				CLANG_WARN_DIRECT_OBJC_ISA_USAGE = YES_ERROR;
				CLANG_WARN_DOCUMENTATION_COMMENTS = YES;
				CLANG_WARN_EMPTY_BODY = YES;
				CLANG_WARN_ENUM_CONVERSION = YES;
				CLANG_WARN_INFINITE_RECURSION = YES;
				CLANG_WARN_INT_CONVERSION = YES;
				CLANG_WARN_OBJC_ROOT_CLASS = YES_ERROR;
				CLANG_WARN_SUSPICIOUS_MOVE = YES;
				CLANG_WARN_UNREACHABLE_CODE = YES;
				CLANG_WARN__DUPLICATE_METHOD_MATCH = YES;
				"CODE_SIGN_IDENTITY[sdk=iphoneos*]" = "iPhone Developer";
				COPY_PHASE_STRIP = NO;
				DEBUG_INFORMATION_FORMAT = dwarf;
				ENABLE_STRICT_OBJC_MSGSEND = YES;
				ENABLE_TESTABILITY = YES;
				GCC_C_LANGUAGE_STANDARD = gnu99;
				GCC_DYNAMIC_NO_PIC = NO;
				GCC_NO_COMMON_BLOCKS = YES;
				GCC_OPTIMIZATION_LEVEL = 0;
				GCC_PREPROCESSOR_DEFINITIONS = (
					"DEBUG=1",
					"$(inherited)",
				);
				GCC_WARN_64_TO_32_BIT_CONVERSION = YES;
				GCC_WARN_ABOUT_RETURN_TYPE = YES_ERROR;
				GCC_WARN_UNDECLARED_SELECTOR = YES;
				GCC_WARN_UNINITIALIZED_AUTOS = YES_AGGRESSIVE;
				GCC_WARN_UNUSED_FUNCTION = YES;
				GCC_WARN_UNUSED_VARIABLE = YES;
				IPHONEOS_DEPLOYMENT_TARGET = 10.2;
				MTL_ENABLE_DEBUG_INFO = YES;
				ONLY_ACTIVE_ARCH = YES;
				SDKROOT = iphoneos;
				SWIFT_ACTIVE_COMPILATION_CONDITIONS = DEBUG;
				SWIFT_OPTIMIZATION_LEVEL = "-Onone";
			};
			name = Debug;
		};
		7D12F9191EBC146B0044F460 /* Release */ = {
			isa = XCBuildConfiguration;
			buildSettings = {
				ALWAYS_SEARCH_USER_PATHS = NO;
				CLANG_ANALYZER_NONNULL = YES;
				CLANG_CXX_LANGUAGE_STANDARD = "gnu++0x";
				CLANG_CXX_LIBRARY = "libc++";
				CLANG_ENABLE_MODULES = YES;
				CLANG_ENABLE_OBJC_ARC = YES;
				CLANG_WARN_BOOL_CONVERSION = YES;
				CLANG_WARN_CONSTANT_CONVERSION = YES;
				CLANG_WARN_DIRECT_OBJC_ISA_USAGE = YES_ERROR;
				CLANG_WARN_DOCUMENTATION_COMMENTS = YES;
				CLANG_WARN_EMPTY_BODY = YES;
				CLANG_WARN_ENUM_CONVERSION = YES;
				CLANG_WARN_INFINITE_RECURSION = YES;
				CLANG_WARN_INT_CONVERSION = YES;
				CLANG_WARN_OBJC_ROOT_CLASS = YES_ERROR;
				CLANG_WARN_SUSPICIOUS_MOVE = YES;
				CLANG_WARN_UNREACHABLE_CODE = YES;
				CLANG_WARN__DUPLICATE_METHOD_MATCH = YES;
				"CODE_SIGN_IDENTITY[sdk=iphoneos*]" = "iPhone Developer";
				COPY_PHASE_STRIP = NO;
				DEBUG_INFORMATION_FORMAT = "dwarf-with-dsym";
				ENABLE_NS_ASSERTIONS = NO;
				ENABLE_STRICT_OBJC_MSGSEND = YES;
				GCC_C_LANGUAGE_STANDARD = gnu99;
				GCC_NO_COMMON_BLOCKS = YES;
				GCC_WARN_64_TO_32_BIT_CONVERSION = YES;
				GCC_WARN_ABOUT_RETURN_TYPE = YES_ERROR;
				GCC_WARN_UNDECLARED_SELECTOR = YES;
				GCC_WARN_UNINITIALIZED_AUTOS = YES_AGGRESSIVE;
				GCC_WARN_UNUSED_FUNCTION = YES;
				GCC_WARN_UNUSED_VARIABLE = YES;
				IPHONEOS_DEPLOYMENT_TARGET = 10.2;
				MTL_ENABLE_DEBUG_INFO = NO;
				SDKROOT = iphoneos;
				SWIFT_OPTIMIZATION_LEVEL = "-Owholemodule";
				VALIDATE_PRODUCT = YES;
			};
			name = Release;
		};
		7D12F91B1EBC146B0044F460 /* Debug */ = {
			isa = XCBuildConfiguration;
			baseConfigurationReference = A4A2647FA992D823354E9402 /* Pods-乃木物.debug.xcconfig */;
			buildSettings = {
				ASSETCATALOG_COMPILER_APPICON_NAME = AppIcon;
				DEVELOPMENT_TEAM = FM2397CJ78;
				INFOPLIST_FILE = "乃木物/Info.plist";
				LD_RUNPATH_SEARCH_PATHS = "$(inherited) @executable_path/Frameworks";
				PRODUCT_BUNDLE_IDENTIFIER = tsy.;
				PRODUCT_NAME = "$(TARGET_NAME)";
				SWIFT_VERSION = 3.0;
			};
			name = Debug;
		};
		7D12F91C1EBC146B0044F460 /* Release */ = {
			isa = XCBuildConfiguration;
			baseConfigurationReference = 3A6692D9C5561CFD90E572DE /* Pods-乃木物.release.xcconfig */;
			buildSettings = {
				ASSETCATALOG_COMPILER_APPICON_NAME = AppIcon;
				DEVELOPMENT_TEAM = FM2397CJ78;
				INFOPLIST_FILE = "乃木物/Info.plist";
				LD_RUNPATH_SEARCH_PATHS = "$(inherited) @executable_path/Frameworks";
				PRODUCT_BUNDLE_IDENTIFIER = tsy.;
				PRODUCT_NAME = "$(TARGET_NAME)";
				SWIFT_VERSION = 3.0;
			};
			name = Release;
		};
		7D12F91E1EBC146B0044F460 /* Debug */ = {
			isa = XCBuildConfiguration;
			buildSettings = {
				ALWAYS_EMBED_SWIFT_STANDARD_LIBRARIES = YES;
				BUNDLE_LOADER = "$(TEST_HOST)";
				INFOPLIST_FILE = "乃木物Tests/Info.plist";
				LD_RUNPATH_SEARCH_PATHS = "$(inherited) @executable_path/Frameworks @loader_path/Frameworks";
				PRODUCT_BUNDLE_IDENTIFIER = "tsy.---Tests";
				PRODUCT_NAME = "$(TARGET_NAME)";
				SWIFT_VERSION = 3.0;
				TEST_HOST = "$(BUILT_PRODUCTS_DIR)/乃木物.app/乃木物";
			};
			name = Debug;
		};
		7D12F91F1EBC146B0044F460 /* Release */ = {
			isa = XCBuildConfiguration;
			buildSettings = {
				ALWAYS_EMBED_SWIFT_STANDARD_LIBRARIES = YES;
				BUNDLE_LOADER = "$(TEST_HOST)";
				INFOPLIST_FILE = "乃木物Tests/Info.plist";
				LD_RUNPATH_SEARCH_PATHS = "$(inherited) @executable_path/Frameworks @loader_path/Frameworks";
				PRODUCT_BUNDLE_IDENTIFIER = "tsy.---Tests";
				PRODUCT_NAME = "$(TARGET_NAME)";
				SWIFT_VERSION = 3.0;
				TEST_HOST = "$(BUILT_PRODUCTS_DIR)/乃木物.app/乃木物";
			};
			name = Release;
		};
		7D12F9211EBC146B0044F460 /* Debug */ = {
			isa = XCBuildConfiguration;
			buildSettings = {
				ALWAYS_EMBED_SWIFT_STANDARD_LIBRARIES = YES;
				INFOPLIST_FILE = "乃木物UITests/Info.plist";
				LD_RUNPATH_SEARCH_PATHS = "$(inherited) @executable_path/Frameworks @loader_path/Frameworks";
				PRODUCT_BUNDLE_IDENTIFIER = "tsy.---UITests";
				PRODUCT_NAME = "$(TARGET_NAME)";
				SWIFT_VERSION = 3.0;
				TEST_TARGET_NAME = "乃木物";
			};
			name = Debug;
		};
		7D12F9221EBC146B0044F460 /* Release */ = {
			isa = XCBuildConfiguration;
			buildSettings = {
				ALWAYS_EMBED_SWIFT_STANDARD_LIBRARIES = YES;
				INFOPLIST_FILE = "乃木物UITests/Info.plist";
				LD_RUNPATH_SEARCH_PATHS = "$(inherited) @executable_path/Frameworks @loader_path/Frameworks";
				PRODUCT_BUNDLE_IDENTIFIER = "tsy.---UITests";
				PRODUCT_NAME = "$(TARGET_NAME)";
				SWIFT_VERSION = 3.0;
				TEST_TARGET_NAME = "乃木物";
			};
			name = Release;
		};
/* End XCBuildConfiguration section */

/* Begin XCConfigurationList section */
		7D12F8ED1EBC146A0044F460 /* Build configuration list for PBXProject "乃木物" */ = {
			isa = XCConfigurationList;
			buildConfigurations = (
				7D12F9181EBC146B0044F460 /* Debug */,
				7D12F9191EBC146B0044F460 /* Release */,
			);
			defaultConfigurationIsVisible = 0;
			defaultConfigurationName = Release;
		};
		7D12F91A1EBC146B0044F460 /* Build configuration list for PBXNativeTarget "乃木物" */ = {
			isa = XCConfigurationList;
			buildConfigurations = (
				7D12F91B1EBC146B0044F460 /* Debug */,
				7D12F91C1EBC146B0044F460 /* Release */,
			);
			defaultConfigurationIsVisible = 0;
			defaultConfigurationName = Release;
		};
		7D12F91D1EBC146B0044F460 /* Build configuration list for PBXNativeTarget "乃木物Tests" */ = {
			isa = XCConfigurationList;
			buildConfigurations = (
				7D12F91E1EBC146B0044F460 /* Debug */,
				7D12F91F1EBC146B0044F460 /* Release */,
			);
			defaultConfigurationIsVisible = 0;
			defaultConfigurationName = Release;
		};
		7D12F9201EBC146B0044F460 /* Build configuration list for PBXNativeTarget "乃木物UITests" */ = {
			isa = XCConfigurationList;
			buildConfigurations = (
				7D12F9211EBC146B0044F460 /* Debug */,
				7D12F9221EBC146B0044F460 /* Release */,
			);
			defaultConfigurationIsVisible = 0;
			defaultConfigurationName = Release;
		};
/* End XCConfigurationList section */
	};
	rootObject = 7D12F8EA1EBC146A0044F460 /* Project object */;
}
